
Microsoft Visual Studio Solution File, Format Version 12.00
# Visual Studio Version 16
VisualStudioVersion = 16.0.31017.242
MinimumVisualStudioVersion = 10.0.40219.1
Project("{FAE04EC0-301F-11D3-BF4B-00C04F79EFBC}") = "Empty31", "Empty31\Empty31.csproj", "{CDFC6F23-3F97-47EA-BC93-DAF5A6C35673}"
EndProject
Global
	GlobalSection(SolutionConfigurationPlatforms) = preSolution
		Debug|Any CPU = Debug|Any CPU
		Release|Any CPU = Release|Any CPU
	EndGlobalSection
	GlobalSection(ProjectConfigurationPlatforms) = postSolution
		{CDFC6F23-3F97-47EA-BC93-DAF5A6C35673}.Debug|Any CPU.ActiveCfg = Debug|Any CPU
		{CDFC6F23-3F97-47EA-BC93-DAF5A6C35673}.Debug|Any CPU.Build.0 = Debug|Any CPU
		{CDFC6F23-3F97-47EA-BC93-DAF5A6C35673}.Release|Any CPU.ActiveCfg = Release|Any CPU
		{CDFC6F23-3F97-47EA-BC93-DAF5A6C35673}.Release|Any CPU.Build.0 = Release|Any CPU
	EndGlobalSection
	GlobalSection(SolutionProperties) = preSolution
		HideSolutionNode = FALSE
	EndGlobalSection
	GlobalSection(ExtensibilityGlobals) = postSolution
		SolutionGuid = {331DAADD-7882-4CA6-A1D8-76DC881BF4D6}
	EndGlobalSection
EndGlobal
